
Microsoft Visual Studio Solution File, Format Version 12.00
# Visual Studio 15
VisualStudioVersion = 15.0.26228.12
MinimumVisualStudioVersion = 10.0.40219.1
Project("{FAE04EC0-301F-11D3-BF4B-00C04F79EFBC}") = "WeatherBackground", "WeatherBackground\WeatherBackground.csproj", "{5659B21D-A828-4061-870A-484B5D48FEDB}"
EndProject
Global
	GlobalSection(SolutionConfigurationPlatforms) = preSolution
		Debug|Any CPU = Debug|Any CPU
		Release|Any CPU = Release|Any CPU
	EndGlobalSection
	GlobalSection(ProjectConfigurationPlatforms) = postSolution
		{5659B21D-A828-4061-870A-484B5D48FEDB}.Debug|Any CPU.ActiveCfg = Debug|Any CPU
		{5659B21D-A828-4061-870A-484B5D48FEDB}.Debug|Any CPU.Build.0 = Debug|Any CPU
		{5659B21D-A828-4061-870A-484B5D48FEDB}.Release|Any CPU.ActiveCfg = Release|Any CPU
		{5659B21D-A828-4061-870A-484B5D48FEDB}.Release|Any CPU.Build.0 = Release|Any CPU
	EndGlobalSection
	GlobalSection(SolutionProperties) = preSolution
		HideSolutionNode = FALSE
	EndGlobalSection
EndGlobal
